
Microsoft Visual Studio Solution File, Format Version 12.00
Project("{FAE04EC0-301F-11D3-BF4B-00C04F79EFBC}") = "EventHandler", "EventHandler\EventHandler.csproj", "{2C2B9B90-BBA7-4AFF-B7C6-9673B0C90B20}"
EndProject
Project("{FAE04EC0-301F-11D3-BF4B-00C04F79EFBC}") = "EventHandlerTests", "EventHandlerTests\EventHandlerTests.csproj", "{0D0E2FA9-562F-4DFE-B645-014C3DB5CEFE}"
EndProject
Global
	GlobalSection(SolutionConfigurationPlatforms) = preSolution
		Debug|Any CPU = Debug|Any CPU
		Release|Any CPU = Release|Any CPU
	EndGlobalSection
	GlobalSection(ProjectConfigurationPlatforms) = postSolution
		{2C2B9B90-BBA7-4AFF-B7C6-9673B0C90B20}.Debug|Any CPU.ActiveCfg = Debug|Any CPU
		{2C2B9B90-BBA7-4AFF-B7C6-9673B0C90B20}.Debug|Any CPU.Build.0 = Debug|Any CPU
		{2C2B9B90-BBA7-4AFF-B7C6-9673B0C90B20}.Release|Any CPU.ActiveCfg = Release|Any CPU
		{2C2B9B90-BBA7-4AFF-B7C6-9673B0C90B20}.Release|Any CPU.Build.0 = Release|Any CPU
		{0D0E2FA9-562F-4DFE-B645-014C3DB5CEFE}.Debug|Any CPU.ActiveCfg = Debug|Any CPU
		{0D0E2FA9-562F-4DFE-B645-014C3DB5CEFE}.Debug|Any CPU.Build.0 = Debug|Any CPU
		{0D0E2FA9-562F-4DFE-B645-014C3DB5CEFE}.Release|Any CPU.ActiveCfg = Release|Any CPU
		{0D0E2FA9-562F-4DFE-B645-014C3DB5CEFE}.Release|Any CPU.Build.0 = Release|Any CPU
	EndGlobalSection
EndGlobal
